
Microsoft Visual Studio Solution File, Format Version 12.00
# Visual Studio 15
VisualStudioVersion = 15.0.26730.16
MinimumVisualStudioVersion = 10.0.40219.1
Project("{FAE04EC0-301F-11D3-BF4B-00C04F79EFBC}") = "CoreAppGitTInker", "CoreAppGitTInker\CoreAppGitTInker.csproj", "{251727E6-82A3-4C00-9D38-A740066A1456}"
EndProject
Global
	GlobalSection(SolutionConfigurationPlatforms) = preSolution
		Debug|Any CPU = Debug|Any CPU
		Release|Any CPU = Release|Any CPU
	EndGlobalSection
	GlobalSection(ProjectConfigurationPlatforms) = postSolution
		{251727E6-82A3-4C00-9D38-A740066A1456}.Debug|Any CPU.ActiveCfg = Debug|Any CPU
		{251727E6-82A3-4C00-9D38-A740066A1456}.Debug|Any CPU.Build.0 = Debug|Any CPU
		{251727E6-82A3-4C00-9D38-A740066A1456}.Release|Any CPU.ActiveCfg = Release|Any CPU
		{251727E6-82A3-4C00-9D38-A740066A1456}.Release|Any CPU.Build.0 = Release|Any CPU
	EndGlobalSection
	GlobalSection(SolutionProperties) = preSolution
		HideSolutionNode = FALSE
	EndGlobalSection
	GlobalSection(ExtensibilityGlobals) = postSolution
		SolutionGuid = {CA359DB2-39B4-4A69-BAD9-9B3E8E604355}
	EndGlobalSection
EndGlobal
